// !$*UTF8*$!
{
	archiveVersion = 1;
	classes = {
	};
	objectVersion = 50;
	objects = {

/* Begin PBXBuildFile section */
		08B6A27E5ADF96CB1DF43B40 /* Pods_RevolutTest.framework in Frameworks */ = {isa = PBXBuildFile; fileRef = 6608D3750E7605794E1F7DAE /* Pods_RevolutTest.framework */; };
		4C28723349B16AFE354E8AA5 /* Rate.swift in Sources */ = {isa = PBXBuildFile; fileRef = 4C28773EABFEDC4046F132BA /* Rate.swift */; };
		4C2873CBCC93BC6CE08F6D4B /* RateCellModelsSource.swift in Sources */ = {isa = PBXBuildFile; fileRef = 4C28768E6B19A03D40D857BB /* RateCellModelsSource.swift */; };
		4C28743F6D695D126F533416 /* Currency.swift in Sources */ = {isa = PBXBuildFile; fileRef = 4C2871918BA70B139EC9576C /* Currency.swift */; };
		4C2875A8E362F0171E6ECF41 /* RateCellViewModel.swift in Sources */ = {isa = PBXBuildFile; fileRef = 4C287D7E01BB523E9FFA061D /* RateCellViewModel.swift */; };
		4C287BD4FF26EDC2B273D9D5 /* RateCell.swift in Sources */ = {isa = PBXBuildFile; fileRef = 4C2875BEB88826D8F2CE30E3 /* RateCell.swift */; };
		4C287FF16A6D2AAB76401141 /* UITableView+Revolut.swift in Sources */ = {isa = PBXBuildFile; fileRef = 4C287DFFE53DBCD978CF6A93 /* UITableView+Revolut.swift */; };
		FD5A3E7D21D419BF00BE1922 /* AppDelegate.swift in Sources */ = {isa = PBXBuildFile; fileRef = FD5A3E7C21D419BF00BE1922 /* AppDelegate.swift */; };
		FD5A3E7F21D419BF00BE1922 /* ViewController.swift in Sources */ = {isa = PBXBuildFile; fileRef = FD5A3E7E21D419BF00BE1922 /* ViewController.swift */; };
		FD5A3E8721D419C300BE1922 /* Assets.xcassets in Resources */ = {isa = PBXBuildFile; fileRef = FD5A3E8621D419C300BE1922 /* Assets.xcassets */; };
		FD5A3E8A21D419C300BE1922 /* LaunchScreen.storyboard in Resources */ = {isa = PBXBuildFile; fileRef = FD5A3E8821D419C300BE1922 /* LaunchScreen.storyboard */; };
		FD5A3E9521D419C300BE1922 /* RateTests.swift in Sources */ = {isa = PBXBuildFile; fileRef = FD5A3E9421D419C300BE1922 /* RateTests.swift */; };
		FDFB949221DCE38D0080C01B /* ViewModel.swift in Sources */ = {isa = PBXBuildFile; fileRef = FDFB949121DCE38D0080C01B /* ViewModel.swift */; };
		FDFB949421DFBDFC0080C01B /* CurrencySource.swift in Sources */ = {isa = PBXBuildFile; fileRef = FDFB949321DFBDFC0080C01B /* CurrencySource.swift */; };
		FDFB949621E13D5B0080C01B /* RateCellViewModelTests.swift in Sources */ = {isa = PBXBuildFile; fileRef = FDFB949521E13D5B0080C01B /* RateCellViewModelTests.swift */; };
		FDFB949821E13D7C0080C01B /* CurrencyFromAPITests.swift in Sources */ = {isa = PBXBuildFile; fileRef = FDFB949721E13D7C0080C01B /* CurrencyFromAPITests.swift */; };
		FDFB949A21E13DB20080C01B /* CurrencySourceTests.swift in Sources */ = {isa = PBXBuildFile; fileRef = FDFB949921E13DB20080C01B /* CurrencySourceTests.swift */; };
		FDFB949C21E13DD80080C01B /* RateCellModelsSourceTests.swift in Sources */ = {isa = PBXBuildFile; fileRef = FDFB949B21E13DD80080C01B /* RateCellModelsSourceTests.swift */; };
/* End PBXBuildFile section */

/* Begin PBXContainerItemProxy section */
		FD5A3E9121D419C300BE1922 /* PBXContainerItemProxy */ = {
			isa = PBXContainerItemProxy;
			containerPortal = FD5A3E7121D419BF00BE1922 /* Project object */;
			proxyType = 1;
			remoteGlobalIDString = FD5A3E7821D419BF00BE1922;
			remoteInfo = RevolutTest;
		};
/* End PBXContainerItemProxy section */

/* Begin PBXFileReference section */
		05399DEE24A67B6CC41912A8 /* Pods-RevolutTest.debug.xcconfig */ = {isa = PBXFileReference; includeInIndex = 1; lastKnownFileType = text.xcconfig; name = "Pods-RevolutTest.debug.xcconfig"; path = "Pods/Target Support Files/Pods-RevolutTest/Pods-RevolutTest.debug.xcconfig"; sourceTree = "<group>"; };
		4C2871918BA70B139EC9576C /* Currency.swift */ = {isa = PBXFileReference; fileEncoding = 4; lastKnownFileType = sourcecode.swift; path = Currency.swift; sourceTree = "<group>"; };
		4C2875BEB88826D8F2CE30E3 /* RateCell.swift */ = {isa = PBXFileReference; fileEncoding = 4; lastKnownFileType = sourcecode.swift; path = RateCell.swift; sourceTree = "<group>"; };
		4C28768E6B19A03D40D857BB /* RateCellModelsSource.swift */ = {isa = PBXFileReference; fileEncoding = 4; lastKnownFileType = sourcecode.swift; path = RateCellModelsSource.swift; sourceTree = "<group>"; };
		4C28773EABFEDC4046F132BA /* Rate.swift */ = {isa = PBXFileReference; fileEncoding = 4; lastKnownFileType = sourcecode.swift; path = Rate.swift; sourceTree = "<group>"; };
		4C287D7E01BB523E9FFA061D /* RateCellViewModel.swift */ = {isa = PBXFileReference; fileEncoding = 4; lastKnownFileType = sourcecode.swift; path = RateCellViewModel.swift; sourceTree = "<group>"; };
		4C287DFFE53DBCD978CF6A93 /* UITableView+Revolut.swift */ = {isa = PBXFileReference; fileEncoding = 4; lastKnownFileType = sourcecode.swift; path = "UITableView+Revolut.swift"; sourceTree = "<group>"; };
		6608D3750E7605794E1F7DAE /* Pods_RevolutTest.framework */ = {isa = PBXFileReference; explicitFileType = wrapper.framework; includeInIndex = 0; path = Pods_RevolutTest.framework; sourceTree = BUILT_PRODUCTS_DIR; };
		C8A95AFBA47DD5470D4F34F3 /* Pods-RevolutTest.release.xcconfig */ = {isa = PBXFileReference; includeInIndex = 1; lastKnownFileType = text.xcconfig; name = "Pods-RevolutTest.release.xcconfig"; path = "Pods/Target Support Files/Pods-RevolutTest/Pods-RevolutTest.release.xcconfig"; sourceTree = "<group>"; };
		FD5A3E7921D419BF00BE1922 /* RevolutTest.app */ = {isa = PBXFileReference; explicitFileType = wrapper.application; includeInIndex = 0; path = RevolutTest.app; sourceTree = BUILT_PRODUCTS_DIR; };
		FD5A3E7C21D419BF00BE1922 /* AppDelegate.swift */ = {isa = PBXFileReference; lastKnownFileType = sourcecode.swift; path = AppDelegate.swift; sourceTree = "<group>"; };
		FD5A3E7E21D419BF00BE1922 /* ViewController.swift */ = {isa = PBXFileReference; lastKnownFileType = sourcecode.swift; path = ViewController.swift; sourceTree = "<group>"; };
		FD5A3E8621D419C300BE1922 /* Assets.xcassets */ = {isa = PBXFileReference; lastKnownFileType = folder.assetcatalog; path = Assets.xcassets; sourceTree = "<group>"; };
		FD5A3E8921D419C300BE1922 /* Base */ = {isa = PBXFileReference; lastKnownFileType = file.storyboard; name = Base; path = Base.lproj/LaunchScreen.storyboard; sourceTree = "<group>"; };
		FD5A3E8B21D419C300BE1922 /* Info.plist */ = {isa = PBXFileReference; lastKnownFileType = text.plist.xml; path = Info.plist; sourceTree = "<group>"; };
		FD5A3E9021D419C300BE1922 /* RevolutTestTests.xctest */ = {isa = PBXFileReference; explicitFileType = wrapper.cfbundle; includeInIndex = 0; path = RevolutTestTests.xctest; sourceTree = BUILT_PRODUCTS_DIR; };
		FD5A3E9421D419C300BE1922 /* RateTests.swift */ = {isa = PBXFileReference; lastKnownFileType = sourcecode.swift; path = RateTests.swift; sourceTree = "<group>"; };
		FD5A3E9621D419C300BE1922 /* Info.plist */ = {isa = PBXFileReference; lastKnownFileType = text.plist.xml; path = Info.plist; sourceTree = "<group>"; };
		FDFB949121DCE38D0080C01B /* ViewModel.swift */ = {isa = PBXFileReference; lastKnownFileType = sourcecode.swift; path = ViewModel.swift; sourceTree = "<group>"; };
		FDFB949321DFBDFC0080C01B /* CurrencySource.swift */ = {isa = PBXFileReference; lastKnownFileType = sourcecode.swift; path = CurrencySource.swift; sourceTree = "<group>"; };
		FDFB949521E13D5B0080C01B /* RateCellViewModelTests.swift */ = {isa = PBXFileReference; lastKnownFileType = sourcecode.swift; path = RateCellViewModelTests.swift; sourceTree = "<group>"; };
		FDFB949721E13D7C0080C01B /* CurrencyFromAPITests.swift */ = {isa = PBXFileReference; lastKnownFileType = sourcecode.swift; path = CurrencyFromAPITests.swift; sourceTree = "<group>"; };
		FDFB949921E13DB20080C01B /* CurrencySourceTests.swift */ = {isa = PBXFileReference; lastKnownFileType = sourcecode.swift; path = CurrencySourceTests.swift; sourceTree = "<group>"; };
		FDFB949B21E13DD80080C01B /* RateCellModelsSourceTests.swift */ = {isa = PBXFileReference; lastKnownFileType = sourcecode.swift; path = RateCellModelsSourceTests.swift; sourceTree = "<group>"; };
/* End PBXFileReference section */

/* Begin PBXFrameworksBuildPhase section */
		FD5A3E7621D419BF00BE1922 /* Frameworks */ = {
			isa = PBXFrameworksBuildPhase;
			buildActionMask = 2147483647;
			files = (
				08B6A27E5ADF96CB1DF43B40 /* Pods_RevolutTest.framework in Frameworks */,
			);
			runOnlyForDeploymentPostprocessing = 0;
		};
		FD5A3E8D21D419C300BE1922 /* Frameworks */ = {
			isa = PBXFrameworksBuildPhase;
			buildActionMask = 2147483647;
			files = (
			);
			runOnlyForDeploymentPostprocessing = 0;
		};
/* End PBXFrameworksBuildPhase section */

/* Begin PBXGroup section */
		337463F8AA5AC04787581C11 /* Pods */ = {
			isa = PBXGroup;
			children = (
				05399DEE24A67B6CC41912A8 /* Pods-RevolutTest.debug.xcconfig */,
				C8A95AFBA47DD5470D4F34F3 /* Pods-RevolutTest.release.xcconfig */,
			);
			name = Pods;
			sourceTree = "<group>";
		};
		9C399B6881889C50A0B5353C /* Frameworks */ = {
			isa = PBXGroup;
			children = (
				6608D3750E7605794E1F7DAE /* Pods_RevolutTest.framework */,
			);
			name = Frameworks;
			sourceTree = "<group>";
		};
		FD5A3E7021D419BF00BE1922 = {
			isa = PBXGroup;
			children = (
				FD5A3E7B21D419BF00BE1922 /* RevolutTest */,
				FD5A3E9321D419C300BE1922 /* RevolutTestTests */,
				FD5A3E7A21D419BF00BE1922 /* Products */,
				337463F8AA5AC04787581C11 /* Pods */,
				9C399B6881889C50A0B5353C /* Frameworks */,
			);
			sourceTree = "<group>";
		};
		FD5A3E7A21D419BF00BE1922 /* Products */ = {
			isa = PBXGroup;
			children = (
				FD5A3E7921D419BF00BE1922 /* RevolutTest.app */,
				FD5A3E9021D419C300BE1922 /* RevolutTestTests.xctest */,
			);
			name = Products;
			sourceTree = "<group>";
		};
		FD5A3E7B21D419BF00BE1922 /* RevolutTest */ = {
			isa = PBXGroup;
			children = (
				FDFB94A121E13F1F0080C01B /* ExperimentConcepts */,
				FD5A3E7C21D419BF00BE1922 /* AppDelegate.swift */,
				4C287DFFE53DBCD978CF6A93 /* UITableView+Revolut.swift */,
				FDFB949E21E13EDD0080C01B /* Views */,
				FDFB94A021E13F0A0080C01B /* SupportingFiles */,
				FDFB949D21E13ED00080C01B /* Models */,
				FDFB949F21E13EEC0080C01B /* ViewModels */,
			);
			path = RevolutTest;
			sourceTree = "<group>";
		};
		FD5A3E9321D419C300BE1922 /* RevolutTestTests */ = {
			isa = PBXGroup;
			children = (
				FD5A3E9421D419C300BE1922 /* RateTests.swift */,
				FDFB949721E13D7C0080C01B /* CurrencyFromAPITests.swift */,
				FDFB949921E13DB20080C01B /* CurrencySourceTests.swift */,
				FDFB949B21E13DD80080C01B /* RateCellModelsSourceTests.swift */,
				FDFB949521E13D5B0080C01B /* RateCellViewModelTests.swift */,
				FD5A3E9621D419C300BE1922 /* Info.plist */,
			);
			path = RevolutTestTests;
			sourceTree = "<group>";
		};
		FDFB949D21E13ED00080C01B /* Models */ = {
			isa = PBXGroup;
			children = (
				4C2871918BA70B139EC9576C /* Currency.swift */,
				4C28773EABFEDC4046F132BA /* Rate.swift */,
			);
			path = Models;
			sourceTree = "<group>";
		};
		FDFB949E21E13EDD0080C01B /* Views */ = {
			isa = PBXGroup;
			children = (
				FD5A3E7E21D419BF00BE1922 /* ViewController.swift */,
				4C2875BEB88826D8F2CE30E3 /* RateCell.swift */,
			);
			path = Views;
			sourceTree = "<group>";
		};
		FDFB949F21E13EEC0080C01B /* ViewModels */ = {
			isa = PBXGroup;
			children = (
				4C287D7E01BB523E9FFA061D /* RateCellViewModel.swift */,
				4C28768E6B19A03D40D857BB /* RateCellModelsSource.swift */,
				FDFB949321DFBDFC0080C01B /* CurrencySource.swift */,
			);
			path = ViewModels;
			sourceTree = "<group>";
		};
		FDFB94A021E13F0A0080C01B /* SupportingFiles */ = {
			isa = PBXGroup;
			children = (
				FD5A3E8621D419C300BE1922 /* Assets.xcassets */,
				FD5A3E8821D419C300BE1922 /* LaunchScreen.storyboard */,
				FD5A3E8B21D419C300BE1922 /* Info.plist */,
			);
			path = SupportingFiles;
			sourceTree = "<group>";
		};
		FDFB94A121E13F1F0080C01B /* ExperimentConcepts */ = {
			isa = PBXGroup;
			children = (
				FDFB949121DCE38D0080C01B /* ViewModel.swift */,
			);
			path = ExperimentConcepts;
			sourceTree = "<group>";
		};
/* End PBXGroup section */

/* Begin PBXNativeTarget section */
		FD5A3E7821D419BF00BE1922 /* RevolutTest */ = {
			isa = PBXNativeTarget;
			buildConfigurationList = FD5A3E9921D419C300BE1922 /* Build configuration list for PBXNativeTarget "RevolutTest" */;
			buildPhases = (
				1226BA0E356E90282B7CD58A /* [CP] Check Pods Manifest.lock */,
				FD5A3E7521D419BF00BE1922 /* Sources */,
				FD5A3E7621D419BF00BE1922 /* Frameworks */,
				FD5A3E7721D419BF00BE1922 /* Resources */,
				2D373C56BD690561357CC839 /* [CP] Embed Pods Frameworks */,
			);
			buildRules = (
			);
			dependencies = (
			);
			name = RevolutTest;
			productName = RevolutTest;
			productReference = FD5A3E7921D419BF00BE1922 /* RevolutTest.app */;
			productType = "com.apple.product-type.application";
		};
		FD5A3E8F21D419C300BE1922 /* RevolutTestTests */ = {
			isa = PBXNativeTarget;
			buildConfigurationList = FD5A3E9C21D419C300BE1922 /* Build configuration list for PBXNativeTarget "RevolutTestTests" */;
			buildPhases = (
				FD5A3E8C21D419C300BE1922 /* Sources */,
				FD5A3E8D21D419C300BE1922 /* Frameworks */,
				FD5A3E8E21D419C300BE1922 /* Resources */,
			);
			buildRules = (
			);
			dependencies = (
				FD5A3E9221D419C300BE1922 /* PBXTargetDependency */,
			);
			name = RevolutTestTests;
			productName = RevolutTestTests;
			productReference = FD5A3E9021D419C300BE1922 /* RevolutTestTests.xctest */;
			productType = "com.apple.product-type.bundle.unit-test";
		};
/* End PBXNativeTarget section */

/* Begin PBXProject section */
		FD5A3E7121D419BF00BE1922 /* Project object */ = {
			isa = PBXProject;
			attributes = {
				LastSwiftUpdateCheck = 1010;
				LastUpgradeCheck = 1010;
				ORGANIZATIONNAME = Shlesberg;
				TargetAttributes = {
					FD5A3E7821D419BF00BE1922 = {
						CreatedOnToolsVersion = 10.1;
					};
					FD5A3E8F21D419C300BE1922 = {
						CreatedOnToolsVersion = 10.1;
						TestTargetID = FD5A3E7821D419BF00BE1922;
					};
				};
			};
			buildConfigurationList = FD5A3E7421D419BF00BE1922 /* Build configuration list for PBXProject "RevolutTest" */;
			compatibilityVersion = "Xcode 9.3";
			developmentRegion = en;
			hasScannedForEncodings = 0;
			knownRegions = (
				en,
				Base,
			);
			mainGroup = FD5A3E7021D419BF00BE1922;
			productRefGroup = FD5A3E7A21D419BF00BE1922 /* Products */;
			projectDirPath = "";
			projectRoot = "";
			targets = (
				FD5A3E7821D419BF00BE1922 /* RevolutTest */,
				FD5A3E8F21D419C300BE1922 /* RevolutTestTests */,
			);
		};
/* End PBXProject section */

/* Begin PBXResourcesBuildPhase section */
		FD5A3E7721D419BF00BE1922 /* Resources */ = {
			isa = PBXResourcesBuildPhase;
			buildActionMask = 2147483647;
			files = (
				FD5A3E8A21D419C300BE1922 /* LaunchScreen.storyboard in Resources */,
				FD5A3E8721D419C300BE1922 /* Assets.xcassets in Resources */,
			);
			runOnlyForDeploymentPostprocessing = 0;
		};
		FD5A3E8E21D419C300BE1922 /* Resources */ = {
			isa = PBXResourcesBuildPhase;
			buildActionMask = 2147483647;
			files = (
			);
			runOnlyForDeploymentPostprocessing = 0;
		};
/* End PBXResourcesBuildPhase section */

/* Begin PBXShellScriptBuildPhase section */
		1226BA0E356E90282B7CD58A /* [CP] Check Pods Manifest.lock */ = {
			isa = PBXShellScriptBuildPhase;
			buildActionMask = 2147483647;
			files = (
			);
			inputPaths = (
				"${PODS_PODFILE_DIR_PATH}/Podfile.lock",
				"${PODS_ROOT}/Manifest.lock",
			);
			name = "[CP] Check Pods Manifest.lock";
			outputPaths = (
				"$(DERIVED_FILE_DIR)/Pods-RevolutTest-checkManifestLockResult.txt",
			);
			runOnlyForDeploymentPostprocessing = 0;
			shellPath = /bin/sh;
			shellScript = "diff \"${PODS_PODFILE_DIR_PATH}/Podfile.lock\" \"${PODS_ROOT}/Manifest.lock\" > /dev/null\nif [ $? != 0 ] ; then\n    # print error to STDERR\n    echo \"error: The sandbox is not in sync with the Podfile.lock. Run 'pod install' or update your CocoaPods installation.\" >&2\n    exit 1\nfi\n# This output is used by Xcode 'outputs' to avoid re-running this script phase.\necho \"SUCCESS\" > \"${SCRIPT_OUTPUT_FILE_0}\"\n";
			showEnvVarsInLog = 0;
		};
		2D373C56BD690561357CC839 /* [CP] Embed Pods Frameworks */ = {
			isa = PBXShellScriptBuildPhase;
			buildActionMask = 2147483647;
			files = (
			);
			inputPaths = (
				"${SRCROOT}/Pods/Target Support Files/Pods-RevolutTest/Pods-RevolutTest-frameworks.sh",
				"${BUILT_PRODUCTS_DIR}/Alamofire/Alamofire.framework",
				"${BUILT_PRODUCTS_DIR}/SnapKit/SnapKit.framework",
				"${BUILT_PRODUCTS_DIR}/SwiftyJSON/SwiftyJSON.framework",
			);
			name = "[CP] Embed Pods Frameworks";
			outputPaths = (
				"${TARGET_BUILD_DIR}/${FRAMEWORKS_FOLDER_PATH}/Alamofire.framework",
				"${TARGET_BUILD_DIR}/${FRAMEWORKS_FOLDER_PATH}/SnapKit.framework",
				"${TARGET_BUILD_DIR}/${FRAMEWORKS_FOLDER_PATH}/SwiftyJSON.framework",
			);
			runOnlyForDeploymentPostprocessing = 0;
			shellPath = /bin/sh;
			shellScript = "\"${SRCROOT}/Pods/Target Support Files/Pods-RevolutTest/Pods-RevolutTest-frameworks.sh\"\n";
			showEnvVarsInLog = 0;
		};
/* End PBXShellScriptBuildPhase section */

/* Begin PBXSourcesBuildPhase section */
		FD5A3E7521D419BF00BE1922 /* Sources */ = {
			isa = PBXSourcesBuildPhase;
			buildActionMask = 2147483647;
			files = (
				FDFB949221DCE38D0080C01B /* ViewModel.swift in Sources */,
				FD5A3E7F21D419BF00BE1922 /* ViewController.swift in Sources */,
				FD5A3E7D21D419BF00BE1922 /* AppDelegate.swift in Sources */,
				4C28743F6D695D126F533416 /* Currency.swift in Sources */,
				4C287BD4FF26EDC2B273D9D5 /* RateCell.swift in Sources */,
				4C2875A8E362F0171E6ECF41 /* RateCellViewModel.swift in Sources */,
				4C28723349B16AFE354E8AA5 /* Rate.swift in Sources */,
				4C2873CBCC93BC6CE08F6D4B /* RateCellModelsSource.swift in Sources */,
				4C287FF16A6D2AAB76401141 /* UITableView+Revolut.swift in Sources */,
				FDFB949421DFBDFC0080C01B /* CurrencySource.swift in Sources */,
			);
			runOnlyForDeploymentPostprocessing = 0;
		};
		FD5A3E8C21D419C300BE1922 /* Sources */ = {
			isa = PBXSourcesBuildPhase;
			buildActionMask = 2147483647;
			files = (
				FDFB949C21E13DD80080C01B /* RateCellModelsSourceTests.swift in Sources */,
				FDFB949621E13D5B0080C01B /* RateCellViewModelTests.swift in Sources */,
				FDFB949821E13D7C0080C01B /* CurrencyFromAPITests.swift in Sources */,
				FD5A3E9521D419C300BE1922 /* RateTests.swift in Sources */,
				FDFB949A21E13DB20080C01B /* CurrencySourceTests.swift in Sources */,
			);
			runOnlyForDeploymentPostprocessing = 0;
		};
/* End PBXSourcesBuildPhase section */

/* Begin PBXTargetDependency section */
		FD5A3E9221D419C300BE1922 /* PBXTargetDependency */ = {
			isa = PBXTargetDependency;
			target = FD5A3E7821D419BF00BE1922 /* RevolutTest */;
			targetProxy = FD5A3E9121D419C300BE1922 /* PBXContainerItemProxy */;
		};
/* End PBXTargetDependency section */

/* Begin PBXVariantGroup section */
		FD5A3E8821D419C300BE1922 /* LaunchScreen.storyboard */ = {
			isa = PBXVariantGroup;
			children = (
				FD5A3E8921D419C300BE1922 /* Base */,
			);
			name = LaunchScreen.storyboard;
			sourceTree = "<group>";
		};
/* End PBXVariantGroup section */

/* Begin XCBuildConfiguration section */
		FD5A3E9721D419C300BE1922 /* Debug */ = {
			isa = XCBuildConfiguration;
			buildSettings = {
				ALWAYS_SEARCH_USER_PATHS = NO;
				CLANG_ANALYZER_NONNULL = YES;
				CLANG_ANALYZER_NUMBER_OBJECT_CONVERSION = YES_AGGRESSIVE;
				CLANG_CXX_LANGUAGE_STANDARD = "gnu++14";
				CLANG_CXX_LIBRARY = "libc++";
				CLANG_ENABLE_MODULES = YES;
				CLANG_ENABLE_OBJC_ARC = YES;
				CLANG_ENABLE_OBJC_WEAK = YES;
				CLANG_WARN_BLOCK_CAPTURE_AUTORELEASING = YES;
				CLANG_WARN_BOOL_CONVERSION = YES;
				CLANG_WARN_COMMA = YES;
				CLANG_WARN_CONSTANT_CONVERSION = YES;
				CLANG_WARN_DEPRECATED_OBJC_IMPLEMENTATIONS = YES;
				CLANG_WARN_DIRECT_OBJC_ISA_USAGE = YES_ERROR;
				CLANG_WARN_DOCUMENTATION_COMMENTS = YES;
				CLANG_WARN_EMPTY_BODY = YES;
				CLANG_WARN_ENUM_CONVERSION = YES;
				CLANG_WARN_INFINITE_RECURSION = YES;
				CLANG_WARN_INT_CONVERSION = YES;
				CLANG_WARN_NON_LITERAL_NULL_CONVERSION = YES;
				CLANG_WARN_OBJC_IMPLICIT_RETAIN_SELF = YES;
				CLANG_WARN_OBJC_LITERAL_CONVERSION = YES;
				CLANG_WARN_OBJC_ROOT_CLASS = YES_ERROR;
				CLANG_WARN_RANGE_LOOP_ANALYSIS = YES;
				CLANG_WARN_STRICT_PROTOTYPES = YES;
				CLANG_WARN_SUSPICIOUS_MOVE = YES;
				CLANG_WARN_UNGUARDED_AVAILABILITY = YES_AGGRESSIVE;
				CLANG_WARN_UNREACHABLE_CODE = YES;
				CLANG_WARN__DUPLICATE_METHOD_MATCH = YES;
				CODE_SIGN_IDENTITY = "iPhone Developer";
				COPY_PHASE_STRIP = NO;
				DEBUG_INFORMATION_FORMAT = dwarf;
				ENABLE_STRICT_OBJC_MSGSEND = YES;
				ENABLE_TESTABILITY = YES;
				GCC_C_LANGUAGE_STANDARD = gnu11;
				GCC_DYNAMIC_NO_PIC = NO;
				GCC_NO_COMMON_BLOCKS = YES;
				GCC_OPTIMIZATION_LEVEL = 0;
				GCC_PREPROCESSOR_DEFINITIONS = (
					"DEBUG=1",
					"$(inherited)",
				);
				GCC_WARN_64_TO_32_BIT_CONVERSION = YES;
				GCC_WARN_ABOUT_RETURN_TYPE = YES_ERROR;
				GCC_WARN_UNDECLARED_SELECTOR = YES;
				GCC_WARN_UNINITIALIZED_AUTOS = YES_AGGRESSIVE;
				GCC_WARN_UNUSED_FUNCTION = YES;
				GCC_WARN_UNUSED_VARIABLE = YES;
				IPHONEOS_DEPLOYMENT_TARGET = 12.1;
				MTL_ENABLE_DEBUG_INFO = INCLUDE_SOURCE;
				MTL_FAST_MATH = YES;
				ONLY_ACTIVE_ARCH = YES;
				SDKROOT = iphoneos;
				SWIFT_ACTIVE_COMPILATION_CONDITIONS = DEBUG;
				SWIFT_OPTIMIZATION_LEVEL = "-Onone";
			};
			name = Debug;
		};
		FD5A3E9821D419C300BE1922 /* Release */ = {
			isa = XCBuildConfiguration;
			buildSettings = {
				ALWAYS_SEARCH_USER_PATHS = NO;
				CLANG_ANALYZER_NONNULL = YES;
				CLANG_ANALYZER_NUMBER_OBJECT_CONVERSION = YES_AGGRESSIVE;
				CLANG_CXX_LANGUAGE_STANDARD = "gnu++14";
				CLANG_CXX_LIBRARY = "libc++";
				CLANG_ENABLE_MODULES = YES;
				CLANG_ENABLE_OBJC_ARC = YES;
				CLANG_ENABLE_OBJC_WEAK = YES;
				CLANG_WARN_BLOCK_CAPTURE_AUTORELEASING = YES;
				CLANG_WARN_BOOL_CONVERSION = YES;
				CLANG_WARN_COMMA = YES;
				CLANG_WARN_CONSTANT_CONVERSION = YES;
				CLANG_WARN_DEPRECATED_OBJC_IMPLEMENTATIONS = YES;
				CLANG_WARN_DIRECT_OBJC_ISA_USAGE = YES_ERROR;
				CLANG_WARN_DOCUMENTATION_COMMENTS = YES;
				CLANG_WARN_EMPTY_BODY = YES;
				CLANG_WARN_ENUM_CONVERSION = YES;
				CLANG_WARN_INFINITE_RECURSION = YES;
				CLANG_WARN_INT_CONVERSION = YES;
				CLANG_WARN_NON_LITERAL_NULL_CONVERSION = YES;
				CLANG_WARN_OBJC_IMPLICIT_RETAIN_SELF = YES;
				CLANG_WARN_OBJC_LITERAL_CONVERSION = YES;
				CLANG_WARN_OBJC_ROOT_CLASS = YES_ERROR;
				CLANG_WARN_RANGE_LOOP_ANALYSIS = YES;
				CLANG_WARN_STRICT_PROTOTYPES = YES;
				CLANG_WARN_SUSPICIOUS_MOVE = YES;
				CLANG_WARN_UNGUARDED_AVAILABILITY = YES_AGGRESSIVE;
				CLANG_WARN_UNREACHABLE_CODE = YES;
				CLANG_WARN__DUPLICATE_METHOD_MATCH = YES;
				CODE_SIGN_IDENTITY = "iPhone Developer";
				COPY_PHASE_STRIP = NO;
				DEBUG_INFORMATION_FORMAT = "dwarf-with-dsym";
				ENABLE_NS_ASSERTIONS = NO;
				ENABLE_STRICT_OBJC_MSGSEND = YES;
				GCC_C_LANGUAGE_STANDARD = gnu11;
				GCC_NO_COMMON_BLOCKS = YES;
				GCC_WARN_64_TO_32_BIT_CONVERSION = YES;
				GCC_WARN_ABOUT_RETURN_TYPE = YES_ERROR;
				GCC_WARN_UNDECLARED_SELECTOR = YES;
				GCC_WARN_UNINITIALIZED_AUTOS = YES_AGGRESSIVE;
				GCC_WARN_UNUSED_FUNCTION = YES;
				GCC_WARN_UNUSED_VARIABLE = YES;
				IPHONEOS_DEPLOYMENT_TARGET = 12.1;
				MTL_ENABLE_DEBUG_INFO = NO;
				MTL_FAST_MATH = YES;
				SDKROOT = iphoneos;
				SWIFT_COMPILATION_MODE = wholemodule;
				SWIFT_OPTIMIZATION_LEVEL = "-O";
				VALIDATE_PRODUCT = YES;
			};
			name = Release;
		};
		FD5A3E9A21D419C300BE1922 /* Debug */ = {
			isa = XCBuildConfiguration;
			baseConfigurationReference = 05399DEE24A67B6CC41912A8 /* Pods-RevolutTest.debug.xcconfig */;
			buildSettings = {
				ASSETCATALOG_COMPILER_APPICON_NAME = AppIcon;
				CODE_SIGN_STYLE = Automatic;
				DEVELOPMENT_TEAM = W9HXCUL7KS;
				INFOPLIST_FILE = "$(SRCROOT)/RevolutTest/SupportingFiles/Info.plist";
				IPHONEOS_DEPLOYMENT_TARGET = 12.0;
				LD_RUNPATH_SEARCH_PATHS = (
					"$(inherited)",
					"@executable_path/Frameworks",
				);
				PRODUCT_BUNDLE_IDENTIFIER = shles.RevolutTest;
				PRODUCT_NAME = "$(TARGET_NAME)";
				SWIFT_VERSION = 4.2;
				TARGETED_DEVICE_FAMILY = "1,2";
			};
			name = Debug;
		};
		FD5A3E9B21D419C300BE1922 /* Release */ = {
			isa = XCBuildConfiguration;
			baseConfigurationReference = C8A95AFBA47DD5470D4F34F3 /* Pods-RevolutTest.release.xcconfig */;
			buildSettings = {
				ASSETCATALOG_COMPILER_APPICON_NAME = AppIcon;
				CODE_SIGN_STYLE = Automatic;
				DEVELOPMENT_TEAM = W9HXCUL7KS;
				INFOPLIST_FILE = "$(SRCROOT)/RevolutTest/SupportingFiles/Info.plist";
				IPHONEOS_DEPLOYMENT_TARGET = 12.0;
				LD_RUNPATH_SEARCH_PATHS = (
					"$(inherited)",
					"@executable_path/Frameworks",
				);
				PRODUCT_BUNDLE_IDENTIFIER = shles.RevolutTest;
				PRODUCT_NAME = "$(TARGET_NAME)";
				SWIFT_VERSION = 4.2;
				TARGETED_DEVICE_FAMILY = "1,2";
			};
			name = Release;
		};
		FD5A3E9D21D419C300BE1922 /* Debug */ = {
			isa = XCBuildConfiguration;
			buildSettings = {
				ALWAYS_EMBED_SWIFT_STANDARD_LIBRARIES = YES;
				BUNDLE_LOADER = "$(TEST_HOST)";
				CODE_SIGN_STYLE = Automatic;
				DEVELOPMENT_TEAM = 8Q9FCUT3E8;
				INFOPLIST_FILE = RevolutTestTests/Info.plist;
				LD_RUNPATH_SEARCH_PATHS = (
					"$(inherited)",
					"@executable_path/Frameworks",
					"@loader_path/Frameworks",
				);
				PRODUCT_BUNDLE_IDENTIFIER = shles.RevolutTestTests;
				PRODUCT_NAME = "$(TARGET_NAME)";
				SWIFT_VERSION = 4.2;
				TARGETED_DEVICE_FAMILY = "1,2";
				TEST_HOST = "$(BUILT_PRODUCTS_DIR)/RevolutTest.app/RevolutTest";
			};
			name = Debug;
		};
		FD5A3E9E21D419C300BE1922 /* Release */ = {
			isa = XCBuildConfiguration;
			buildSettings = {
				ALWAYS_EMBED_SWIFT_STANDARD_LIBRARIES = YES;
				BUNDLE_LOADER = "$(TEST_HOST)";
				CODE_SIGN_STYLE = Automatic;
				DEVELOPMENT_TEAM = 8Q9FCUT3E8;
				INFOPLIST_FILE = RevolutTestTests/Info.plist;
				LD_RUNPATH_SEARCH_PATHS = (
					"$(inherited)",
					"@executable_path/Frameworks",
					"@loader_path/Frameworks",
				);
				PRODUCT_BUNDLE_IDENTIFIER = shles.RevolutTestTests;
				PRODUCT_NAME = "$(TARGET_NAME)";
				SWIFT_VERSION = 4.2;
				TARGETED_DEVICE_FAMILY = "1,2";
				TEST_HOST = "$(BUILT_PRODUCTS_DIR)/RevolutTest.app/RevolutTest";
			};
			name = Release;
		};
/* End XCBuildConfiguration section */

/* Begin XCConfigurationList section */
		FD5A3E7421D419BF00BE1922 /* Build configuration list for PBXProject "RevolutTest" */ = {
			isa = XCConfigurationList;
			buildConfigurations = (
				FD5A3E9721D419C300BE1922 /* Debug */,
				FD5A3E9821D419C300BE1922 /* Release */,
			);
			defaultConfigurationIsVisible = 0;
			defaultConfigurationName = Release;
		};
		FD5A3E9921D419C300BE1922 /* Build configuration list for PBXNativeTarget "RevolutTest" */ = {
			isa = XCConfigurationList;
			buildConfigurations = (
				FD5A3E9A21D419C300BE1922 /* Debug */,
				FD5A3E9B21D419C300BE1922 /* Release */,
			);
			defaultConfigurationIsVisible = 0;
			defaultConfigurationName = Release;
		};
		FD5A3E9C21D419C300BE1922 /* Build configuration list for PBXNativeTarget "RevolutTestTests" */ = {
			isa = XCConfigurationList;
			buildConfigurations = (
				FD5A3E9D21D419C300BE1922 /* Debug */,
				FD5A3E9E21D419C300BE1922 /* Release */,
			);
			defaultConfigurationIsVisible = 0;
			defaultConfigurationName = Release;
		};
/* End XCConfigurationList section */
	};
	rootObject = FD5A3E7121D419BF00BE1922 /* Project object */;
}
